<?xml version="1.0" encoding="utf-8"?>
<Project ToolsVersion="4.0" xmlns="http://schemas.microsoft.com/developer/msbuild/2003">
  <ItemGroup>
    <Filter Include="소스 파일">
      <UniqueIdentifier>{4FC737F1-C7A5-4376-A066-2A32D752A2FF}</UniqueIdentifier>
      <Extensions>cpp;c;cc;cxx;c++;cppm;ixx;def;odl;idl;hpj;bat;asm;asmx</Extensions>
    </Filter>
    <Filter Include="헤더 파일">
      <UniqueIdentifier>{93995380-89BD-4b04-88EB-625FBE52EBFB}</UniqueIdentifier>
      <Extensions>h;hh;hpp;hxx;h++;hm;inl;inc;ipp;xsd</Extensions>
    </Filter>
    <Filter Include="리소스 파일">
      <UniqueIdentifier>{67DA6AB6-F800-4c08-8B7A-83BB121AAD01}</UniqueIdentifier>
      <Extensions>rc;ico;cur;bmp;dlg;rc2;rct;bin;rgs;gif;jpg;jpeg;jpe;resx;tiff;tif;png;wav;mfcribbon-ms</Extensions>
    </Filter>
    <Filter Include="헤더 파일\Event">
      <UniqueIdentifier>{bef68bbb-9671-42b7-b81c-d90ae84c78b9}</UniqueIdentifier>
    </Filter>
    <Filter Include="소스 파일\Event">
      <UniqueIdentifier>{5641d279-7100-4ed5-b889-f4d31579a3f0}</UniqueIdentifier>
    </Filter>
    <Filter Include="소스 파일\DoubleBuffering">
      <UniqueIdentifier>{45ba66eb-df34-4a73-ba9d-c8932479483a}</UniqueIdentifier>
    </Filter>
    <Filter Include="헤더 파일\DoubleBuffering">
      <UniqueIdentifier>{352cb712-fdac-4d63-b0c5-07d58eccc44e}</UniqueIdentifier>
    </Filter>
  </ItemGroup>
  <ItemGroup>
    <ClInclude Include="framework.h">
      <Filter>헤더 파일</Filter>
    </ClInclude>
    <ClInclude Include="targetver.h">
      <Filter>헤더 파일</Filter>
    </ClInclude>
    <ClInclude Include="Resource.h">
      <Filter>헤더 파일</Filter>
    </ClInclude>
    <ClInclude Include="Winmain.h">
      <Filter>헤더 파일</Filter>
    </ClInclude>
    <ClInclude Include="UI\Timer.h">
      <Filter>헤더 파일</Filter>
    </ClInclude>
    <ClInclude Include="Event\InputManager.h">
      <Filter>헤더 파일\Event</Filter>
    </ClInclude>
    <ClInclude Include="Event\InputConstants.h">
      <Filter>헤더 파일\Event</Filter>
    </ClInclude>
    <ClInclude Include="Event\KeyboardInputManager.h">
      <Filter>헤더 파일\Event</Filter>
    </ClInclude>
    <ClInclude Include="Move\AIMoveController.h">
      <Filter>소스 파일</Filter>
    </ClInclude>
    <ClInclude Include="Move\IMoveController.h">
      <Filter>소스 파일</Filter>
    </ClInclude>
    <ClInclude Include="Move\MoveDirection.h">
      <Filter>소스 파일</Filter>
    </ClInclude>
    <ClInclude Include="Move\MoveManagers.h">
      <Filter>소스 파일</Filter>
    </ClInclude>
    <ClInclude Include="Move\PlayerMoveController.h">
      <Filter>소스 파일</Filter>
    </ClInclude>
    <ClInclude Include="Swap.h">
      <Filter>헤더 파일\DoubleBuffering</Filter>
    </ClInclude>
    <ClInclude Include="Render.h">
      <Filter>헤더 파일\DoubleBuffering</Filter>
    </ClInclude>
  </ItemGroup>
  <ItemGroup>
    <ClCompile Include="Winmain.cpp">
      <Filter>소스 파일</Filter>
    </ClCompile>
    <ClCompile Include="UI\Timer.cpp">
      <Filter>소스 파일</Filter>
    </ClCompile>
    <ClCompile Include="Event\KeyboardInputManager.cpp">
      <Filter>소스 파일\Event</Filter>
    </ClCompile>
    <ClCompile Include="Move\MoveManagers.cpp">
      <Filter>소스 파일</Filter>
    </ClCompile>
    <ClCompile Include="Render.cpp">
      <Filter>소스 파일\DoubleBuffering</Filter>
    </ClCompile>
  </ItemGroup>
  <ItemGroup>
    <ResourceCompile Include="Winmain.rc">
      <Filter>리소스 파일</Filter>
    </ResourceCompile>
  </ItemGroup>
  <ItemGroup>
    <Image Include="small.ico">
      <Filter>리소스 파일</Filter>
    </Image>
    <Image Include="Winmain.ico">
      <Filter>리소스 파일</Filter>
    </Image>
  </ItemGroup>
</Project>